// !$*UTF8*$!
{
	archiveVersion = 1;
	classes = {
	};
	objectVersion = 55;
	objects = {

/* Begin PBXBuildFile section */
		30034847278F6E5C001C8431 /* ViewInspector in Frameworks */ = {isa = PBXBuildFile; productRef = 30034846278F6E5C001C8431 /* ViewInspector */; };
		3003484B278F730D001C8431 /* RestaurantsListModel.swift in Sources */ = {isa = PBXBuildFile; fileRef = 3003484A278F730D001C8431 /* RestaurantsListModel.swift */; };
		3003484D278F924F001C8431 /* RestaurantMenuModel.swift in Sources */ = {isa = PBXBuildFile; fileRef = 3003484C278F924F001C8431 /* RestaurantMenuModel.swift */; };
		30758144278DD563003BC3C6 /* RestaurantsListRouter.swift in Sources */ = {isa = PBXBuildFile; fileRef = 30758143278DD563003BC3C6 /* RestaurantsListRouter.swift */; };
		30758146278DD58E003BC3C6 /* RestaurantMenuRouter.swift in Sources */ = {isa = PBXBuildFile; fileRef = 30758145278DD58E003BC3C6 /* RestaurantMenuRouter.swift */; };
		30758148278DD5E6003BC3C6 /* RestaurantsListPresenter.swift in Sources */ = {isa = PBXBuildFile; fileRef = 30758147278DD5E6003BC3C6 /* RestaurantsListPresenter.swift */; };
		3075814A278DD617003BC3C6 /* RestaurantMenuPresenter.swift in Sources */ = {isa = PBXBuildFile; fileRef = 30758149278DD617003BC3C6 /* RestaurantMenuPresenter.swift */; };
		3075814C278DD6BE003BC3C6 /* RestaurantMenuInteractor.swift in Sources */ = {isa = PBXBuildFile; fileRef = 3075814B278DD6BE003BC3C6 /* RestaurantMenuInteractor.swift */; };
		3075814E278DD6F4003BC3C6 /* RestaurantsListInteractor.swift in Sources */ = {isa = PBXBuildFile; fileRef = 3075814D278DD6F4003BC3C6 /* RestaurantsListInteractor.swift */; };
		30758150278DD78A003BC3C6 /* RestaurantsListView.swift in Sources */ = {isa = PBXBuildFile; fileRef = 3075814F278DD78A003BC3C6 /* RestaurantsListView.swift */; };
		30758152278DD98F003BC3C6 /* RestaurantMenuView.swift in Sources */ = {isa = PBXBuildFile; fileRef = 30758151278DD98F003BC3C6 /* RestaurantMenuView.swift */; };
		30758154278DDC99003BC3C6 /* RestaurantsListConfigurator.swift in Sources */ = {isa = PBXBuildFile; fileRef = 30758153278DDC99003BC3C6 /* RestaurantsListConfigurator.swift */; };
		30758156278DDDE4003BC3C6 /* RestaurantMenuConfigurator.swift in Sources */ = {isa = PBXBuildFile; fileRef = 30758155278DDDE4003BC3C6 /* RestaurantMenuConfigurator.swift */; };
		3075815A278DE538003BC3C6 /* Montserrat-Regular.ttf in Resources */ = {isa = PBXBuildFile; fileRef = 30758159278DE538003BC3C6 /* Montserrat-Regular.ttf */; };
		3075815C278DE599003BC3C6 /* PlayfairDisplay-Regular.ttf in Resources */ = {isa = PBXBuildFile; fileRef = 3075815B278DE599003BC3C6 /* PlayfairDisplay-Regular.ttf */; };
		30758160278DE8F8003BC3C6 /* Font+Extensions.swift in Sources */ = {isa = PBXBuildFile; fileRef = 3075815F278DE8F8003BC3C6 /* Font+Extensions.swift */; };
		30758162278DEF0B003BC3C6 /* Color+Extensions.swift in Sources */ = {isa = PBXBuildFile; fileRef = 30758161278DEF0B003BC3C6 /* Color+Extensions.swift */; };
		307EFD772788869C0020DB59 /* RestaurantMenuAppApp.swift in Sources */ = {isa = PBXBuildFile; fileRef = 307EFD762788869C0020DB59 /* RestaurantMenuAppApp.swift */; };
		307EFD7B2788869D0020DB59 /* Assets.xcassets in Resources */ = {isa = PBXBuildFile; fileRef = 307EFD7A2788869D0020DB59 /* Assets.xcassets */; };
		307EFD7E2788869D0020DB59 /* Preview Assets.xcassets in Resources */ = {isa = PBXBuildFile; fileRef = 307EFD7D2788869D0020DB59 /* Preview Assets.xcassets */; };
		307EFD882788869D0020DB59 /* RestaurantsListViewTests.swift in Sources */ = {isa = PBXBuildFile; fileRef = 307EFD872788869D0020DB59 /* RestaurantsListViewTests.swift */; };
		308AFB572789E58C00DA4597 /* Restaurant.swift in Sources */ = {isa = PBXBuildFile; fileRef = 308AFB562789E58C00DA4597 /* Restaurant.swift */; };
		308AFB592789E5F200DA4597 /* MenuItem.swift in Sources */ = {isa = PBXBuildFile; fileRef = 308AFB582789E5F200DA4597 /* MenuItem.swift */; };
		308AFB5B2789E72900DA4597 /* Response.swift in Sources */ = {isa = PBXBuildFile; fileRef = 308AFB5A2789E72800DA4597 /* Response.swift */; };
		308AFB5E2789E86500DA4597 /* HTTPClient.swift in Sources */ = {isa = PBXBuildFile; fileRef = 308AFB5D2789E86500DA4597 /* HTTPClient.swift */; };
		308AFB602789E89500DA4597 /* Resource.swift in Sources */ = {isa = PBXBuildFile; fileRef = 308AFB5F2789E89500DA4597 /* Resource.swift */; };
		308AFB622789E8B500DA4597 /* Constants.swift in Sources */ = {isa = PBXBuildFile; fileRef = 308AFB612789E8B500DA4597 /* Constants.swift */; };
		308AFB642789E97800DA4597 /* HTTPClientConfiguration.swift in Sources */ = {isa = PBXBuildFile; fileRef = 308AFB632789E97800DA4597 /* HTTPClientConfiguration.swift */; };
		308AFB662789EB7600DA4597 /* Enums.swift in Sources */ = {isa = PBXBuildFile; fileRef = 308AFB652789EB7600DA4597 /* Enums.swift */; };
		308AFB6A2789EC5600DA4597 /* RestaurantResource.swift in Sources */ = {isa = PBXBuildFile; fileRef = 308AFB692789EC5600DA4597 /* RestaurantResource.swift */; };
		308AFB6C2789EDBE00DA4597 /* RestaurantRepository.swift in Sources */ = {isa = PBXBuildFile; fileRef = 308AFB6B2789EDBE00DA4597 /* RestaurantRepository.swift */; };
		308CA39E2791E179008C8FFD /* MessageView.swift in Sources */ = {isa = PBXBuildFile; fileRef = 308CA39D2791E179008C8FFD /* MessageView.swift */; };
		308CA3A02791F023008C8FFD /* restaurants_list_empty.json in Resources */ = {isa = PBXBuildFile; fileRef = 308CA39F2791F023008C8FFD /* restaurants_list_empty.json */; };
		308CA3A22791F1A8008C8FFD /* menu_items_list_empty.json in Resources */ = {isa = PBXBuildFile; fileRef = 308CA3A12791F1A8008C8FFD /* menu_items_list_empty.json */; };
		308CA3A42791F290008C8FFD /* RestaurantMenuViewTests.swift in Sources */ = {isa = PBXBuildFile; fileRef = 308CA3A32791F290008C8FFD /* RestaurantMenuViewTests.swift */; };
		308CA3A62791F2A7008C8FFD /* RestaurantMenuPresenterTests.swift in Sources */ = {isa = PBXBuildFile; fileRef = 308CA3A52791F2A7008C8FFD /* RestaurantMenuPresenterTests.swift */; };
		308CA3A82791F2C7008C8FFD /* RestaurantMenuInteractorTests.swift in Sources */ = {isa = PBXBuildFile; fileRef = 308CA3A72791F2C7008C8FFD /* RestaurantMenuInteractorTests.swift */; };
		308CA3AA2791F2E4008C8FFD /* RestaurantMenuModelTests.swift in Sources */ = {isa = PBXBuildFile; fileRef = 308CA3A92791F2E4008C8FFD /* RestaurantMenuModelTests.swift */; };
		309CD7AA2790C9880093637C /* menu_items_list.json in Resources */ = {isa = PBXBuildFile; fileRef = 309CD7A82790C9880093637C /* menu_items_list.json */; };
		309CD7AB2790C9880093637C /* restaurants_list.json in Resources */ = {isa = PBXBuildFile; fileRef = 309CD7A92790C9880093637C /* restaurants_list.json */; };
		309CD7AF2790CCFC0093637C /* MockRestaurantRepository.swift in Sources */ = {isa = PBXBuildFile; fileRef = 309CD7AE2790CCFC0093637C /* MockRestaurantRepository.swift */; };
		309CD7B12790CD990093637C /* MockClient.swift in Sources */ = {isa = PBXBuildFile; fileRef = 309CD7B02790CD990093637C /* MockClient.swift */; };
		309CD7B42790D0850093637C /* RestaurantsListModelTests.swift in Sources */ = {isa = PBXBuildFile; fileRef = 309CD7B32790D0850093637C /* RestaurantsListModelTests.swift */; };
		309CD7B82790D3C70093637C /* RestaurantsListInteractorTests.swift in Sources */ = {isa = PBXBuildFile; fileRef = 309CD7B72790D3C70093637C /* RestaurantsListInteractorTests.swift */; };
		309CD7BA2790D5440093637C /* RestaurantsListPresenterTests.swift in Sources */ = {isa = PBXBuildFile; fileRef = 309CD7B92790D5440093637C /* RestaurantsListPresenterTests.swift */; };
/* End PBXBuildFile section */

/* Begin PBXContainerItemProxy section */
		307EFD842788869D0020DB59 /* PBXContainerItemProxy */ = {
			isa = PBXContainerItemProxy;
			containerPortal = 307EFD6B2788869C0020DB59 /* Project object */;
			proxyType = 1;
			remoteGlobalIDString = 307EFD722788869C0020DB59;
			remoteInfo = RestaurantMenuApp;
		};
/* End PBXContainerItemProxy section */

/* Begin PBXFileReference section */
		3003484A278F730D001C8431 /* RestaurantsListModel.swift */ = {isa = PBXFileReference; lastKnownFileType = sourcecode.swift; path = RestaurantsListModel.swift; sourceTree = "<group>"; };
		3003484C278F924F001C8431 /* RestaurantMenuModel.swift */ = {isa = PBXFileReference; lastKnownFileType = sourcecode.swift; path = RestaurantMenuModel.swift; sourceTree = "<group>"; };
		30758143278DD563003BC3C6 /* RestaurantsListRouter.swift */ = {isa = PBXFileReference; lastKnownFileType = sourcecode.swift; path = RestaurantsListRouter.swift; sourceTree = "<group>"; };
		30758145278DD58E003BC3C6 /* RestaurantMenuRouter.swift */ = {isa = PBXFileReference; lastKnownFileType = sourcecode.swift; path = RestaurantMenuRouter.swift; sourceTree = "<group>"; };
		30758147278DD5E6003BC3C6 /* RestaurantsListPresenter.swift */ = {isa = PBXFileReference; lastKnownFileType = sourcecode.swift; path = RestaurantsListPresenter.swift; sourceTree = "<group>"; };
		30758149278DD617003BC3C6 /* RestaurantMenuPresenter.swift */ = {isa = PBXFileReference; lastKnownFileType = sourcecode.swift; path = RestaurantMenuPresenter.swift; sourceTree = "<group>"; };
		3075814B278DD6BE003BC3C6 /* RestaurantMenuInteractor.swift */ = {isa = PBXFileReference; lastKnownFileType = sourcecode.swift; path = RestaurantMenuInteractor.swift; sourceTree = "<group>"; };
		3075814D278DD6F4003BC3C6 /* RestaurantsListInteractor.swift */ = {isa = PBXFileReference; lastKnownFileType = sourcecode.swift; path = RestaurantsListInteractor.swift; sourceTree = "<group>"; };
		3075814F278DD78A003BC3C6 /* RestaurantsListView.swift */ = {isa = PBXFileReference; lastKnownFileType = sourcecode.swift; path = RestaurantsListView.swift; sourceTree = "<group>"; };
		30758151278DD98F003BC3C6 /* RestaurantMenuView.swift */ = {isa = PBXFileReference; lastKnownFileType = sourcecode.swift; path = RestaurantMenuView.swift; sourceTree = "<group>"; };
		30758153278DDC99003BC3C6 /* RestaurantsListConfigurator.swift */ = {isa = PBXFileReference; lastKnownFileType = sourcecode.swift; path = RestaurantsListConfigurator.swift; sourceTree = "<group>"; };
		30758155278DDDE4003BC3C6 /* RestaurantMenuConfigurator.swift */ = {isa = PBXFileReference; lastKnownFileType = sourcecode.swift; path = RestaurantMenuConfigurator.swift; sourceTree = "<group>"; };
		30758159278DE538003BC3C6 /* Montserrat-Regular.ttf */ = {isa = PBXFileReference; lastKnownFileType = file; path = "Montserrat-Regular.ttf"; sourceTree = "<group>"; };
		3075815B278DE599003BC3C6 /* PlayfairDisplay-Regular.ttf */ = {isa = PBXFileReference; lastKnownFileType = file; path = "PlayfairDisplay-Regular.ttf"; sourceTree = "<group>"; };
		3075815D278DE69B003BC3C6 /* Info.plist */ = {isa = PBXFileReference; lastKnownFileType = text.plist; path = Info.plist; sourceTree = "<group>"; };
		3075815F278DE8F8003BC3C6 /* Font+Extensions.swift */ = {isa = PBXFileReference; lastKnownFileType = sourcecode.swift; path = "Font+Extensions.swift"; sourceTree = "<group>"; };
		30758161278DEF0B003BC3C6 /* Color+Extensions.swift */ = {isa = PBXFileReference; lastKnownFileType = sourcecode.swift; path = "Color+Extensions.swift"; sourceTree = "<group>"; };
		307EFD732788869C0020DB59 /* RestaurantMenuApp.app */ = {isa = PBXFileReference; explicitFileType = wrapper.application; includeInIndex = 0; path = RestaurantMenuApp.app; sourceTree = BUILT_PRODUCTS_DIR; };
		307EFD762788869C0020DB59 /* RestaurantMenuAppApp.swift */ = {isa = PBXFileReference; lastKnownFileType = sourcecode.swift; path = RestaurantMenuAppApp.swift; sourceTree = "<group>"; };
		307EFD7A2788869D0020DB59 /* Assets.xcassets */ = {isa = PBXFileReference; lastKnownFileType = folder.assetcatalog; path = Assets.xcassets; sourceTree = "<group>"; };
		307EFD7D2788869D0020DB59 /* Preview Assets.xcassets */ = {isa = PBXFileReference; lastKnownFileType = folder.assetcatalog; path = "Preview Assets.xcassets"; sourceTree = "<group>"; };
		307EFD832788869D0020DB59 /* RestaurantMenuAppTests.xctest */ = {isa = PBXFileReference; explicitFileType = wrapper.cfbundle; includeInIndex = 0; path = RestaurantMenuAppTests.xctest; sourceTree = BUILT_PRODUCTS_DIR; };
		307EFD872788869D0020DB59 /* RestaurantsListViewTests.swift */ = {isa = PBXFileReference; lastKnownFileType = sourcecode.swift; path = RestaurantsListViewTests.swift; sourceTree = "<group>"; };
		308AFB562789E58C00DA4597 /* Restaurant.swift */ = {isa = PBXFileReference; lastKnownFileType = sourcecode.swift; path = Restaurant.swift; sourceTree = "<group>"; };
		308AFB582789E5F200DA4597 /* MenuItem.swift */ = {isa = PBXFileReference; lastKnownFileType = sourcecode.swift; path = MenuItem.swift; sourceTree = "<group>"; };
		308AFB5A2789E72800DA4597 /* Response.swift */ = {isa = PBXFileReference; lastKnownFileType = sourcecode.swift; path = Response.swift; sourceTree = "<group>"; };
		308AFB5D2789E86500DA4597 /* HTTPClient.swift */ = {isa = PBXFileReference; lastKnownFileType = sourcecode.swift; path = HTTPClient.swift; sourceTree = "<group>"; };
		308AFB5F2789E89500DA4597 /* Resource.swift */ = {isa = PBXFileReference; lastKnownFileType = sourcecode.swift; path = Resource.swift; sourceTree = "<group>"; };
		308AFB612789E8B500DA4597 /* Constants.swift */ = {isa = PBXFileReference; lastKnownFileType = sourcecode.swift; path = Constants.swift; sourceTree = "<group>"; };
		308AFB632789E97800DA4597 /* HTTPClientConfiguration.swift */ = {isa = PBXFileReference; lastKnownFileType = sourcecode.swift; path = HTTPClientConfiguration.swift; sourceTree = "<group>"; };
		308AFB652789EB7600DA4597 /* Enums.swift */ = {isa = PBXFileReference; lastKnownFileType = sourcecode.swift; path = Enums.swift; sourceTree = "<group>"; };
		308AFB692789EC5600DA4597 /* RestaurantResource.swift */ = {isa = PBXFileReference; lastKnownFileType = sourcecode.swift; path = RestaurantResource.swift; sourceTree = "<group>"; };
		308AFB6B2789EDBE00DA4597 /* RestaurantRepository.swift */ = {isa = PBXFileReference; lastKnownFileType = sourcecode.swift; path = RestaurantRepository.swift; sourceTree = "<group>"; };
		308CA39D2791E179008C8FFD /* MessageView.swift */ = {isa = PBXFileReference; lastKnownFileType = sourcecode.swift; path = MessageView.swift; sourceTree = "<group>"; };
		308CA39F2791F023008C8FFD /* restaurants_list_empty.json */ = {isa = PBXFileReference; fileEncoding = 4; lastKnownFileType = text.json; path = restaurants_list_empty.json; sourceTree = "<group>"; };
		308CA3A12791F1A8008C8FFD /* menu_items_list_empty.json */ = {isa = PBXFileReference; fileEncoding = 4; lastKnownFileType = text.json; path = menu_items_list_empty.json; sourceTree = "<group>"; };
		308CA3A32791F290008C8FFD /* RestaurantMenuViewTests.swift */ = {isa = PBXFileReference; lastKnownFileType = sourcecode.swift; path = RestaurantMenuViewTests.swift; sourceTree = "<group>"; };
		308CA3A52791F2A7008C8FFD /* RestaurantMenuPresenterTests.swift */ = {isa = PBXFileReference; lastKnownFileType = sourcecode.swift; path = RestaurantMenuPresenterTests.swift; sourceTree = "<group>"; };
		308CA3A72791F2C7008C8FFD /* RestaurantMenuInteractorTests.swift */ = {isa = PBXFileReference; lastKnownFileType = sourcecode.swift; path = RestaurantMenuInteractorTests.swift; sourceTree = "<group>"; };
		308CA3A92791F2E4008C8FFD /* RestaurantMenuModelTests.swift */ = {isa = PBXFileReference; lastKnownFileType = sourcecode.swift; path = RestaurantMenuModelTests.swift; sourceTree = "<group>"; };
		309CD7A82790C9880093637C /* menu_items_list.json */ = {isa = PBXFileReference; fileEncoding = 4; lastKnownFileType = text.json; path = menu_items_list.json; sourceTree = "<group>"; };
		309CD7A92790C9880093637C /* restaurants_list.json */ = {isa = PBXFileReference; fileEncoding = 4; lastKnownFileType = text.json; path = restaurants_list.json; sourceTree = "<group>"; };
		309CD7AE2790CCFC0093637C /* MockRestaurantRepository.swift */ = {isa = PBXFileReference; lastKnownFileType = sourcecode.swift; path = MockRestaurantRepository.swift; sourceTree = "<group>"; };
		309CD7B02790CD990093637C /* MockClient.swift */ = {isa = PBXFileReference; lastKnownFileType = sourcecode.swift; path = MockClient.swift; sourceTree = "<group>"; };
		309CD7B32790D0850093637C /* RestaurantsListModelTests.swift */ = {isa = PBXFileReference; lastKnownFileType = sourcecode.swift; path = RestaurantsListModelTests.swift; sourceTree = "<group>"; };
		309CD7B72790D3C70093637C /* RestaurantsListInteractorTests.swift */ = {isa = PBXFileReference; lastKnownFileType = sourcecode.swift; path = RestaurantsListInteractorTests.swift; sourceTree = "<group>"; };
		309CD7B92790D5440093637C /* RestaurantsListPresenterTests.swift */ = {isa = PBXFileReference; lastKnownFileType = sourcecode.swift; path = RestaurantsListPresenterTests.swift; sourceTree = "<group>"; };
/* End PBXFileReference section */

/* Begin PBXFrameworksBuildPhase section */
		307EFD702788869C0020DB59 /* Frameworks */ = {
			isa = PBXFrameworksBuildPhase;
			buildActionMask = 2147483647;
			files = (
			);
			runOnlyForDeploymentPostprocessing = 0;
		};
		307EFD802788869D0020DB59 /* Frameworks */ = {
			isa = PBXFrameworksBuildPhase;
			buildActionMask = 2147483647;
			files = (
				30034847278F6E5C001C8431 /* ViewInspector in Frameworks */,
			);
			runOnlyForDeploymentPostprocessing = 0;
		};
/* End PBXFrameworksBuildPhase section */

/* Begin PBXGroup section */
		30758141278DD4A2003BC3C6 /* RestaurantsList */ = {
			isa = PBXGroup;
			children = (
				30758143278DD563003BC3C6 /* RestaurantsListRouter.swift */,
				30758147278DD5E6003BC3C6 /* RestaurantsListPresenter.swift */,
				3075814D278DD6F4003BC3C6 /* RestaurantsListInteractor.swift */,
				3075814F278DD78A003BC3C6 /* RestaurantsListView.swift */,
				30758153278DDC99003BC3C6 /* RestaurantsListConfigurator.swift */,
				3003484A278F730D001C8431 /* RestaurantsListModel.swift */,
			);
			path = RestaurantsList;
			sourceTree = "<group>";
		};
		30758142278DD4AE003BC3C6 /* RestaurantMenu */ = {
			isa = PBXGroup;
			children = (
				30758145278DD58E003BC3C6 /* RestaurantMenuRouter.swift */,
				30758149278DD617003BC3C6 /* RestaurantMenuPresenter.swift */,
				3075814B278DD6BE003BC3C6 /* RestaurantMenuInteractor.swift */,
				30758151278DD98F003BC3C6 /* RestaurantMenuView.swift */,
				30758155278DDDE4003BC3C6 /* RestaurantMenuConfigurator.swift */,
				3003484C278F924F001C8431 /* RestaurantMenuModel.swift */,
			);
			path = RestaurantMenu;
			sourceTree = "<group>";
		};
		30758157278DE51D003BC3C6 /* Resources */ = {
			isa = PBXGroup;
			children = (
				30758158278DE528003BC3C6 /* Fonts */,
				307EFD7A2788869D0020DB59 /* Assets.xcassets */,
			);
			path = Resources;
			sourceTree = "<group>";
		};
		30758158278DE528003BC3C6 /* Fonts */ = {
			isa = PBXGroup;
			children = (
				30758159278DE538003BC3C6 /* Montserrat-Regular.ttf */,
				3075815B278DE599003BC3C6 /* PlayfairDisplay-Regular.ttf */,
			);
			path = Fonts;
			sourceTree = "<group>";
		};
		3075815E278DE8E1003BC3C6 /* Extensions */ = {
			isa = PBXGroup;
			children = (
				3075815F278DE8F8003BC3C6 /* Font+Extensions.swift */,
				30758161278DEF0B003BC3C6 /* Color+Extensions.swift */,
			);
			path = Extensions;
			sourceTree = "<group>";
		};
		307EFD6A2788869C0020DB59 = {
			isa = PBXGroup;
			children = (
				307EFD752788869C0020DB59 /* RestaurantMenuApp */,
				307EFD862788869D0020DB59 /* RestaurantMenuAppTests */,
				307EFD742788869C0020DB59 /* Products */,
			);
			sourceTree = "<group>";
		};
		307EFD742788869C0020DB59 /* Products */ = {
			isa = PBXGroup;
			children = (
				307EFD732788869C0020DB59 /* RestaurantMenuApp.app */,
				307EFD832788869D0020DB59 /* RestaurantMenuAppTests.xctest */,
			);
			name = Products;
			sourceTree = "<group>";
		};
		307EFD752788869C0020DB59 /* RestaurantMenuApp */ = {
			isa = PBXGroup;
			children = (
				3075815D278DE69B003BC3C6 /* Info.plist */,
				30758157278DE51D003BC3C6 /* Resources */,
				308AFB522789E43D00DA4597 /* Source */,
				307EFD762788869C0020DB59 /* RestaurantMenuAppApp.swift */,
				307EFD7C2788869D0020DB59 /* Preview Content */,
			);
			path = RestaurantMenuApp;
			sourceTree = "<group>";
		};
		307EFD7C2788869D0020DB59 /* Preview Content */ = {
			isa = PBXGroup;
			children = (
				307EFD7D2788869D0020DB59 /* Preview Assets.xcassets */,
			);
			path = "Preview Content";
			sourceTree = "<group>";
		};
		307EFD862788869D0020DB59 /* RestaurantMenuAppTests */ = {
			isa = PBXGroup;
			children = (
				3097D804278F57F300F60096 /* Common */,
				309CD7B22790D0440093637C /* Source */,
			);
			path = RestaurantMenuAppTests;
			sourceTree = "<group>";
		};
		308AFB522789E43D00DA4597 /* Source */ = {
			isa = PBXGroup;
			children = (
				308AFB542789E45200DA4597 /* Common */,
				308AFB532789E44A00DA4597 /* Modules */,
			);
			path = Source;
			sourceTree = "<group>";
		};
		308AFB532789E44A00DA4597 /* Modules */ = {
			isa = PBXGroup;
			children = (
				30758142278DD4AE003BC3C6 /* RestaurantMenu */,
				30758141278DD4A2003BC3C6 /* RestaurantsList */,
			);
			path = Modules;
			sourceTree = "<group>";
		};
		308AFB542789E45200DA4597 /* Common */ = {
			isa = PBXGroup;
			children = (
				308AFB612789E8B500DA4597 /* Constants.swift */,
				308AFB552789E49300DA4597 /* Entities */,
				3075815E278DE8E1003BC3C6 /* Extensions */,
				308AFB5C2789E7B600DA4597 /* Networking */,
				308AFB682789EC1300DA4597 /* Repositories */,
				308AFB672789EC0900DA4597 /* Resources */,
				308CA39C2791E15D008C8FFD /* Views */,
			);
			path = Common;
			sourceTree = "<group>";
		};
		308AFB552789E49300DA4597 /* Entities */ = {
			isa = PBXGroup;
			children = (
				308AFB562789E58C00DA4597 /* Restaurant.swift */,
				308AFB582789E5F200DA4597 /* MenuItem.swift */,
				308AFB5A2789E72800DA4597 /* Response.swift */,
			);
			path = Entities;
			sourceTree = "<group>";
		};
		308AFB5C2789E7B600DA4597 /* Networking */ = {
			isa = PBXGroup;
			children = (
				308AFB652789EB7600DA4597 /* Enums.swift */,
				308AFB5D2789E86500DA4597 /* HTTPClient.swift */,
				308AFB632789E97800DA4597 /* HTTPClientConfiguration.swift */,
				308AFB5F2789E89500DA4597 /* Resource.swift */,
			);
			path = Networking;
			sourceTree = "<group>";
		};
		308AFB672789EC0900DA4597 /* Resources */ = {
			isa = PBXGroup;
			children = (
				308AFB692789EC5600DA4597 /* RestaurantResource.swift */,
			);
			path = Resources;
			sourceTree = "<group>";
		};
		308AFB682789EC1300DA4597 /* Repositories */ = {
			isa = PBXGroup;
			children = (
				308AFB6B2789EDBE00DA4597 /* RestaurantRepository.swift */,
			);
			path = Repositories;
			sourceTree = "<group>";
		};
		308CA39C2791E15D008C8FFD /* Views */ = {
			isa = PBXGroup;
			children = (
				308CA39D2791E179008C8FFD /* MessageView.swift */,
			);
			path = Views;
			sourceTree = "<group>";
		};
		308E808C27910D2C00466B53 /* RestaurantMenu */ = {
			isa = PBXGroup;
			children = (
				308CA3A32791F290008C8FFD /* RestaurantMenuViewTests.swift */,
				308CA3A52791F2A7008C8FFD /* RestaurantMenuPresenterTests.swift */,
				308CA3A72791F2C7008C8FFD /* RestaurantMenuInteractorTests.swift */,
				308CA3A92791F2E4008C8FFD /* RestaurantMenuModelTests.swift */,
			);
			path = RestaurantMenu;
			sourceTree = "<group>";
		};
		3097D804278F57F300F60096 /* Common */ = {
			isa = PBXGroup;
			children = (
				309CD7B02790CD990093637C /* MockClient.swift */,
				309CD7AE2790CCFC0093637C /* MockRestaurantRepository.swift */,
				309CD7AC2790C9BD0093637C /* JSON */,
			);
			path = Common;
			sourceTree = "<group>";
		};
		309CD7AC2790C9BD0093637C /* JSON */ = {
			isa = PBXGroup;
			children = (
				309CD7A82790C9880093637C /* menu_items_list.json */,
				308CA3A12791F1A8008C8FFD /* menu_items_list_empty.json */,
				308CA39F2791F023008C8FFD /* restaurants_list_empty.json */,
				309CD7A92790C9880093637C /* restaurants_list.json */,
			);
			path = JSON;
			sourceTree = "<group>";
		};
		309CD7B22790D0440093637C /* Source */ = {
			isa = PBXGroup;
			children = (
				308E808C27910D2C00466B53 /* RestaurantMenu */,
				309CD7B52790D36F0093637C /* RestaurantsList */,
			);
			path = Source;
			sourceTree = "<group>";
		};
		309CD7B52790D36F0093637C /* RestaurantsList */ = {
			isa = PBXGroup;
			children = (
				309CD7B72790D3C70093637C /* RestaurantsListInteractorTests.swift */,
				309CD7B32790D0850093637C /* RestaurantsListModelTests.swift */,
				309CD7B92790D5440093637C /* RestaurantsListPresenterTests.swift */,
				307EFD872788869D0020DB59 /* RestaurantsListViewTests.swift */,
			);
			path = RestaurantsList;
			sourceTree = "<group>";
		};
/* End PBXGroup section */

/* Begin PBXNativeTarget section */
		307EFD722788869C0020DB59 /* RestaurantMenuApp */ = {
			isa = PBXNativeTarget;
			buildConfigurationList = 307EFD972788869D0020DB59 /* Build configuration list for PBXNativeTarget "RestaurantMenuApp" */;
			buildPhases = (
				307EFD6F2788869C0020DB59 /* Sources */,
				307EFD702788869C0020DB59 /* Frameworks */,
				307EFD712788869C0020DB59 /* Resources */,
			);
			buildRules = (
			);
			dependencies = (
			);
			name = RestaurantMenuApp;
			productName = RestaurantMenuApp;
			productReference = 307EFD732788869C0020DB59 /* RestaurantMenuApp.app */;
			productType = "com.apple.product-type.application";
		};
		307EFD822788869D0020DB59 /* RestaurantMenuAppTests */ = {
			isa = PBXNativeTarget;
			buildConfigurationList = 307EFD9A2788869D0020DB59 /* Build configuration list for PBXNativeTarget "RestaurantMenuAppTests" */;
			buildPhases = (
				307EFD7F2788869D0020DB59 /* Sources */,
				307EFD802788869D0020DB59 /* Frameworks */,
				307EFD812788869D0020DB59 /* Resources */,
			);
			buildRules = (
			);
			dependencies = (
				307EFD852788869D0020DB59 /* PBXTargetDependency */,
			);
			name = RestaurantMenuAppTests;
			packageProductDependencies = (
				30034846278F6E5C001C8431 /* ViewInspector */,
			);
			productName = RestaurantMenuAppTests;
			productReference = 307EFD832788869D0020DB59 /* RestaurantMenuAppTests.xctest */;
			productType = "com.apple.product-type.bundle.unit-test";
		};
/* End PBXNativeTarget section */

/* Begin PBXProject section */
		307EFD6B2788869C0020DB59 /* Project object */ = {
			isa = PBXProject;
			attributes = {
				BuildIndependentTargetsInParallel = 1;
				LastSwiftUpdateCheck = 1300;
				LastUpgradeCheck = 1300;
				TargetAttributes = {
					307EFD722788869C0020DB59 = {
						CreatedOnToolsVersion = 13.0;
					};
					307EFD822788869D0020DB59 = {
						CreatedOnToolsVersion = 13.0;
						TestTargetID = 307EFD722788869C0020DB59;
					};
				};
			};
			buildConfigurationList = 307EFD6E2788869C0020DB59 /* Build configuration list for PBXProject "RestaurantMenuApp" */;
			compatibilityVersion = "Xcode 13.0";
			developmentRegion = en;
			hasScannedForEncodings = 0;
			knownRegions = (
				en,
				Base,
			);
			mainGroup = 307EFD6A2788869C0020DB59;
			packageReferences = (
				30034845278F6E5C001C8431 /* XCRemoteSwiftPackageReference "ViewInspector" */,
			);
			productRefGroup = 307EFD742788869C0020DB59 /* Products */;
			projectDirPath = "";
			projectRoot = "";
			targets = (
				307EFD722788869C0020DB59 /* RestaurantMenuApp */,
				307EFD822788869D0020DB59 /* RestaurantMenuAppTests */,
			);
		};
/* End PBXProject section */

/* Begin PBXResourcesBuildPhase section */
		307EFD712788869C0020DB59 /* Resources */ = {
			isa = PBXResourcesBuildPhase;
			buildActionMask = 2147483647;
			files = (
				3075815C278DE599003BC3C6 /* PlayfairDisplay-Regular.ttf in Resources */,
				3075815A278DE538003BC3C6 /* Montserrat-Regular.ttf in Resources */,
				307EFD7E2788869D0020DB59 /* Preview Assets.xcassets in Resources */,
				307EFD7B2788869D0020DB59 /* Assets.xcassets in Resources */,
			);
			runOnlyForDeploymentPostprocessing = 0;
		};
		307EFD812788869D0020DB59 /* Resources */ = {
			isa = PBXResourcesBuildPhase;
			buildActionMask = 2147483647;
			files = (
				309CD7AB2790C9880093637C /* restaurants_list.json in Resources */,
				308CA3A22791F1A8008C8FFD /* menu_items_list_empty.json in Resources */,
				308CA3A02791F023008C8FFD /* restaurants_list_empty.json in Resources */,
				309CD7AA2790C9880093637C /* menu_items_list.json in Resources */,
			);
			runOnlyForDeploymentPostprocessing = 0;
		};
/* End PBXResourcesBuildPhase section */

/* Begin PBXSourcesBuildPhase section */
		307EFD6F2788869C0020DB59 /* Sources */ = {
			isa = PBXSourcesBuildPhase;
			buildActionMask = 2147483647;
			files = (
				3003484B278F730D001C8431 /* RestaurantsListModel.swift in Sources */,
				30758150278DD78A003BC3C6 /* RestaurantsListView.swift in Sources */,
				3075814E278DD6F4003BC3C6 /* RestaurantsListInteractor.swift in Sources */,
				30758144278DD563003BC3C6 /* RestaurantsListRouter.swift in Sources */,
				30758148278DD5E6003BC3C6 /* RestaurantsListPresenter.swift in Sources */,
				3075814C278DD6BE003BC3C6 /* RestaurantMenuInteractor.swift in Sources */,
				30758154278DDC99003BC3C6 /* RestaurantsListConfigurator.swift in Sources */,
				308AFB592789E5F200DA4597 /* MenuItem.swift in Sources */,
				308AFB6C2789EDBE00DA4597 /* RestaurantRepository.swift in Sources */,
				308AFB662789EB7600DA4597 /* Enums.swift in Sources */,
				308AFB5E2789E86500DA4597 /* HTTPClient.swift in Sources */,
				30758162278DEF0B003BC3C6 /* Color+Extensions.swift in Sources */,
				307EFD772788869C0020DB59 /* RestaurantMenuAppApp.swift in Sources */,
				30758156278DDDE4003BC3C6 /* RestaurantMenuConfigurator.swift in Sources */,
				308AFB572789E58C00DA4597 /* Restaurant.swift in Sources */,
				30758152278DD98F003BC3C6 /* RestaurantMenuView.swift in Sources */,
				30758146278DD58E003BC3C6 /* RestaurantMenuRouter.swift in Sources */,
				308AFB5B2789E72900DA4597 /* Response.swift in Sources */,
				308CA39E2791E179008C8FFD /* MessageView.swift in Sources */,
				308AFB6A2789EC5600DA4597 /* RestaurantResource.swift in Sources */,
				308AFB642789E97800DA4597 /* HTTPClientConfiguration.swift in Sources */,
				308AFB602789E89500DA4597 /* Resource.swift in Sources */,
				3075814A278DD617003BC3C6 /* RestaurantMenuPresenter.swift in Sources */,
				308AFB622789E8B500DA4597 /* Constants.swift in Sources */,
				30758160278DE8F8003BC3C6 /* Font+Extensions.swift in Sources */,
				3003484D278F924F001C8431 /* RestaurantMenuModel.swift in Sources */,
			);
			runOnlyForDeploymentPostprocessing = 0;
		};
		307EFD7F2788869D0020DB59 /* Sources */ = {
			isa = PBXSourcesBuildPhase;
			buildActionMask = 2147483647;
			files = (
				309CD7B12790CD990093637C /* MockClient.swift in Sources */,
				309CD7B82790D3C70093637C /* RestaurantsListInteractorTests.swift in Sources */,
				307EFD882788869D0020DB59 /* RestaurantsListViewTests.swift in Sources */,
				308CA3AA2791F2E4008C8FFD /* RestaurantMenuModelTests.swift in Sources */,
				309CD7AF2790CCFC0093637C /* MockRestaurantRepository.swift in Sources */,
				309CD7B42790D0850093637C /* RestaurantsListModelTests.swift in Sources */,
				308CA3A82791F2C7008C8FFD /* RestaurantMenuInteractorTests.swift in Sources */,
				308CA3A42791F290008C8FFD /* RestaurantMenuViewTests.swift in Sources */,
				308CA3A62791F2A7008C8FFD /* RestaurantMenuPresenterTests.swift in Sources */,
				309CD7BA2790D5440093637C /* RestaurantsListPresenterTests.swift in Sources */,
			);
			runOnlyForDeploymentPostprocessing = 0;
		};
/* End PBXSourcesBuildPhase section */

/* Begin PBXTargetDependency section */
		307EFD852788869D0020DB59 /* PBXTargetDependency */ = {
			isa = PBXTargetDependency;
			target = 307EFD722788869C0020DB59 /* RestaurantMenuApp */;
			targetProxy = 307EFD842788869D0020DB59 /* PBXContainerItemProxy */;
		};
/* End PBXTargetDependency section */

/* Begin XCBuildConfiguration section */
		307EFD952788869D0020DB59 /* Debug */ = {
			isa = XCBuildConfiguration;
			buildSettings = {
				ALWAYS_SEARCH_USER_PATHS = NO;
				CLANG_ANALYZER_NONNULL = YES;
				CLANG_ANALYZER_NUMBER_OBJECT_CONVERSION = YES_AGGRESSIVE;
				CLANG_CXX_LANGUAGE_STANDARD = "gnu++17";
				CLANG_CXX_LIBRARY = "libc++";
				CLANG_ENABLE_MODULES = YES;
				CLANG_ENABLE_OBJC_ARC = YES;
				CLANG_ENABLE_OBJC_WEAK = YES;
				CLANG_WARN_BLOCK_CAPTURE_AUTORELEASING = YES;
				CLANG_WARN_BOOL_CONVERSION = YES;
				CLANG_WARN_COMMA = YES;
				CLANG_WARN_CONSTANT_CONVERSION = YES;
				CLANG_WARN_DEPRECATED_OBJC_IMPLEMENTATIONS = YES;
				CLANG_WARN_DIRECT_OBJC_ISA_USAGE = YES_ERROR;
				CLANG_WARN_DOCUMENTATION_COMMENTS = YES;
				CLANG_WARN_EMPTY_BODY = YES;
				CLANG_WARN_ENUM_CONVERSION = YES;
				CLANG_WARN_INFINITE_RECURSION = YES;
				CLANG_WARN_INT_CONVERSION = YES;
				CLANG_WARN_NON_LITERAL_NULL_CONVERSION = YES;
				CLANG_WARN_OBJC_IMPLICIT_RETAIN_SELF = YES;
				CLANG_WARN_OBJC_LITERAL_CONVERSION = YES;
				CLANG_WARN_OBJC_ROOT_CLASS = YES_ERROR;
				CLANG_WARN_QUOTED_INCLUDE_IN_FRAMEWORK_HEADER = YES;
				CLANG_WARN_RANGE_LOOP_ANALYSIS = YES;
				CLANG_WARN_STRICT_PROTOTYPES = YES;
				CLANG_WARN_SUSPICIOUS_MOVE = YES;
				CLANG_WARN_UNGUARDED_AVAILABILITY = YES_AGGRESSIVE;
				CLANG_WARN_UNREACHABLE_CODE = YES;
				CLANG_WARN__DUPLICATE_METHOD_MATCH = YES;
				COPY_PHASE_STRIP = NO;
				DEBUG_INFORMATION_FORMAT = dwarf;
				ENABLE_STRICT_OBJC_MSGSEND = YES;
				ENABLE_TESTABILITY = YES;
				GCC_C_LANGUAGE_STANDARD = gnu11;
				GCC_DYNAMIC_NO_PIC = NO;
				GCC_NO_COMMON_BLOCKS = YES;
				GCC_OPTIMIZATION_LEVEL = 0;
				GCC_PREPROCESSOR_DEFINITIONS = (
					"DEBUG=1",
					"$(inherited)",
				);
				GCC_WARN_64_TO_32_BIT_CONVERSION = YES;
				GCC_WARN_ABOUT_RETURN_TYPE = YES_ERROR;
				GCC_WARN_UNDECLARED_SELECTOR = YES;
				GCC_WARN_UNINITIALIZED_AUTOS = YES_AGGRESSIVE;
				GCC_WARN_UNUSED_FUNCTION = YES;
				GCC_WARN_UNUSED_VARIABLE = YES;
				IPHONEOS_DEPLOYMENT_TARGET = 13.0;
				MTL_ENABLE_DEBUG_INFO = INCLUDE_SOURCE;
				MTL_FAST_MATH = YES;
				ONLY_ACTIVE_ARCH = YES;
				SDKROOT = iphoneos;
				SWIFT_ACTIVE_COMPILATION_CONDITIONS = DEBUG;
				SWIFT_OPTIMIZATION_LEVEL = "-Onone";
			};
			name = Debug;
		};
		307EFD962788869D0020DB59 /* Release */ = {
			isa = XCBuildConfiguration;
			buildSettings = {
				ALWAYS_SEARCH_USER_PATHS = NO;
				CLANG_ANALYZER_NONNULL = YES;
				CLANG_ANALYZER_NUMBER_OBJECT_CONVERSION = YES_AGGRESSIVE;
				CLANG_CXX_LANGUAGE_STANDARD = "gnu++17";
				CLANG_CXX_LIBRARY = "libc++";
				CLANG_ENABLE_MODULES = YES;
				CLANG_ENABLE_OBJC_ARC = YES;
				CLANG_ENABLE_OBJC_WEAK = YES;
				CLANG_WARN_BLOCK_CAPTURE_AUTORELEASING = YES;
				CLANG_WARN_BOOL_CONVERSION = YES;
				CLANG_WARN_COMMA = YES;
				CLANG_WARN_CONSTANT_CONVERSION = YES;
				CLANG_WARN_DEPRECATED_OBJC_IMPLEMENTATIONS = YES;
				CLANG_WARN_DIRECT_OBJC_ISA_USAGE = YES_ERROR;
				CLANG_WARN_DOCUMENTATION_COMMENTS = YES;
				CLANG_WARN_EMPTY_BODY = YES;
				CLANG_WARN_ENUM_CONVERSION = YES;
				CLANG_WARN_INFINITE_RECURSION = YES;
				CLANG_WARN_INT_CONVERSION = YES;
				CLANG_WARN_NON_LITERAL_NULL_CONVERSION = YES;
				CLANG_WARN_OBJC_IMPLICIT_RETAIN_SELF = YES;
				CLANG_WARN_OBJC_LITERAL_CONVERSION = YES;
				CLANG_WARN_OBJC_ROOT_CLASS = YES_ERROR;
				CLANG_WARN_QUOTED_INCLUDE_IN_FRAMEWORK_HEADER = YES;
				CLANG_WARN_RANGE_LOOP_ANALYSIS = YES;
				CLANG_WARN_STRICT_PROTOTYPES = YES;
				CLANG_WARN_SUSPICIOUS_MOVE = YES;
				CLANG_WARN_UNGUARDED_AVAILABILITY = YES_AGGRESSIVE;
				CLANG_WARN_UNREACHABLE_CODE = YES;
				CLANG_WARN__DUPLICATE_METHOD_MATCH = YES;
				COPY_PHASE_STRIP = NO;
				DEBUG_INFORMATION_FORMAT = "dwarf-with-dsym";
				ENABLE_NS_ASSERTIONS = NO;
				ENABLE_STRICT_OBJC_MSGSEND = YES;
				GCC_C_LANGUAGE_STANDARD = gnu11;
				GCC_NO_COMMON_BLOCKS = YES;
				GCC_WARN_64_TO_32_BIT_CONVERSION = YES;
				GCC_WARN_ABOUT_RETURN_TYPE = YES_ERROR;
				GCC_WARN_UNDECLARED_SELECTOR = YES;
				GCC_WARN_UNINITIALIZED_AUTOS = YES_AGGRESSIVE;
				GCC_WARN_UNUSED_FUNCTION = YES;
				GCC_WARN_UNUSED_VARIABLE = YES;
				IPHONEOS_DEPLOYMENT_TARGET = 13.0;
				MTL_ENABLE_DEBUG_INFO = NO;
				MTL_FAST_MATH = YES;
				SDKROOT = iphoneos;
				SWIFT_COMPILATION_MODE = wholemodule;
				SWIFT_OPTIMIZATION_LEVEL = "-O";
				VALIDATE_PRODUCT = YES;
			};
			name = Release;
		};
		307EFD982788869D0020DB59 /* Debug */ = {
			isa = XCBuildConfiguration;
			buildSettings = {
				ASSETCATALOG_COMPILER_APPICON_NAME = AppIcon;
				ASSETCATALOG_COMPILER_GLOBAL_ACCENT_COLOR_NAME = AccentColor;
				CODE_SIGN_STYLE = Automatic;
				CURRENT_PROJECT_VERSION = 1;
				DEVELOPMENT_ASSET_PATHS = "\"RestaurantMenuApp/Preview Content\"";
				ENABLE_PREVIEWS = YES;
				GENERATE_INFOPLIST_FILE = YES;
				INFOPLIST_FILE = RestaurantMenuApp/Info.plist;
				INFOPLIST_KEY_UIApplicationSceneManifest_Generation = YES;
				INFOPLIST_KEY_UIApplicationSupportsIndirectInputEvents = YES;
				INFOPLIST_KEY_UILaunchScreen_Generation = YES;
				INFOPLIST_KEY_UISupportedInterfaceOrientations_iPad = "UIInterfaceOrientationPortrait UIInterfaceOrientationPortraitUpsideDown UIInterfaceOrientationLandscapeLeft UIInterfaceOrientationLandscapeRight";
				INFOPLIST_KEY_UISupportedInterfaceOrientations_iPhone = "UIInterfaceOrientationPortrait UIInterfaceOrientationLandscapeLeft UIInterfaceOrientationLandscapeRight";
				IPHONEOS_DEPLOYMENT_TARGET = 14.0;
				LD_RUNPATH_SEARCH_PATHS = (
					"$(inherited)",
					"@executable_path/Frameworks",
				);
				MARKETING_VERSION = 1.0;
				PRODUCT_BUNDLE_IDENTIFIER = com.example.RestaurantMenuApp;
				PRODUCT_NAME = "$(TARGET_NAME)";
				SWIFT_EMIT_LOC_STRINGS = YES;
				SWIFT_VERSION = 5.0;
				TARGETED_DEVICE_FAMILY = 1;
			};
			name = Debug;
		};
		307EFD992788869D0020DB59 /* Release */ = {
			isa = XCBuildConfiguration;
			buildSettings = {
				ASSETCATALOG_COMPILER_APPICON_NAME = AppIcon;
				ASSETCATALOG_COMPILER_GLOBAL_ACCENT_COLOR_NAME = AccentColor;
				CODE_SIGN_STYLE = Automatic;
				CURRENT_PROJECT_VERSION = 1;
				DEVELOPMENT_ASSET_PATHS = "\"RestaurantMenuApp/Preview Content\"";
				ENABLE_PREVIEWS = YES;
				GENERATE_INFOPLIST_FILE = YES;
				INFOPLIST_FILE = RestaurantMenuApp/Info.plist;
				INFOPLIST_KEY_UIApplicationSceneManifest_Generation = YES;
				INFOPLIST_KEY_UIApplicationSupportsIndirectInputEvents = YES;
				INFOPLIST_KEY_UILaunchScreen_Generation = YES;
				INFOPLIST_KEY_UISupportedInterfaceOrientations_iPad = "UIInterfaceOrientationPortrait UIInterfaceOrientationPortraitUpsideDown UIInterfaceOrientationLandscapeLeft UIInterfaceOrientationLandscapeRight";
				INFOPLIST_KEY_UISupportedInterfaceOrientations_iPhone = "UIInterfaceOrientationPortrait UIInterfaceOrientationLandscapeLeft UIInterfaceOrientationLandscapeRight";
				IPHONEOS_DEPLOYMENT_TARGET = 14.0;
				LD_RUNPATH_SEARCH_PATHS = (
					"$(inherited)",
					"@executable_path/Frameworks",
				);
				MARKETING_VERSION = 1.0;
				PRODUCT_BUNDLE_IDENTIFIER = com.example.RestaurantMenuApp;
				PRODUCT_NAME = "$(TARGET_NAME)";
				SWIFT_EMIT_LOC_STRINGS = YES;
				SWIFT_VERSION = 5.0;
				TARGETED_DEVICE_FAMILY = 1;
			};
			name = Release;
		};
		307EFD9B2788869D0020DB59 /* Debug */ = {
			isa = XCBuildConfiguration;
			buildSettings = {
				ALWAYS_EMBED_SWIFT_STANDARD_LIBRARIES = YES;
				BUNDLE_LOADER = "$(TEST_HOST)";
				CODE_SIGN_STYLE = Automatic;
				CURRENT_PROJECT_VERSION = 1;
				GENERATE_INFOPLIST_FILE = YES;
				IPHONEOS_DEPLOYMENT_TARGET = 14.0;
				LD_RUNPATH_SEARCH_PATHS = (
					"$(inherited)",
					"@executable_path/Frameworks",
					"@loader_path/Frameworks",
				);
				MARKETING_VERSION = 1.0;
				PRODUCT_BUNDLE_IDENTIFIER = com.example.RestaurantMenuAppTests;
				PRODUCT_NAME = "$(TARGET_NAME)";
				SWIFT_EMIT_LOC_STRINGS = NO;
				SWIFT_VERSION = 5.0;
				TARGETED_DEVICE_FAMILY = "1,2";
				TEST_HOST = "$(BUILT_PRODUCTS_DIR)/RestaurantMenuApp.app/RestaurantMenuApp";
			};
			name = Debug;
		};
		307EFD9C2788869D0020DB59 /* Release */ = {
			isa = XCBuildConfiguration;
			buildSettings = {
				ALWAYS_EMBED_SWIFT_STANDARD_LIBRARIES = YES;
				BUNDLE_LOADER = "$(TEST_HOST)";
				CODE_SIGN_STYLE = Automatic;
				CURRENT_PROJECT_VERSION = 1;
				GENERATE_INFOPLIST_FILE = YES;
				IPHONEOS_DEPLOYMENT_TARGET = 14.0;
				LD_RUNPATH_SEARCH_PATHS = (
					"$(inherited)",
					"@executable_path/Frameworks",
					"@loader_path/Frameworks",
				);
				MARKETING_VERSION = 1.0;
				PRODUCT_BUNDLE_IDENTIFIER = com.example.RestaurantMenuAppTests;
				PRODUCT_NAME = "$(TARGET_NAME)";
				SWIFT_EMIT_LOC_STRINGS = NO;
				SWIFT_VERSION = 5.0;
				TARGETED_DEVICE_FAMILY = "1,2";
				TEST_HOST = "$(BUILT_PRODUCTS_DIR)/RestaurantMenuApp.app/RestaurantMenuApp";
			};
			name = Release;
		};
/* End XCBuildConfiguration section */

/* Begin XCConfigurationList section */
		307EFD6E2788869C0020DB59 /* Build configuration list for PBXProject "RestaurantMenuApp" */ = {
			isa = XCConfigurationList;
			buildConfigurations = (
				307EFD952788869D0020DB59 /* Debug */,
				307EFD962788869D0020DB59 /* Release */,
			);
			defaultConfigurationIsVisible = 0;
			defaultConfigurationName = Release;
		};
		307EFD972788869D0020DB59 /* Build configuration list for PBXNativeTarget "RestaurantMenuApp" */ = {
			isa = XCConfigurationList;
			buildConfigurations = (
				307EFD982788869D0020DB59 /* Debug */,
				307EFD992788869D0020DB59 /* Release */,
			);
			defaultConfigurationIsVisible = 0;
			defaultConfigurationName = Release;
		};
		307EFD9A2788869D0020DB59 /* Build configuration list for PBXNativeTarget "RestaurantMenuAppTests" */ = {
			isa = XCConfigurationList;
			buildConfigurations = (
				307EFD9B2788869D0020DB59 /* Debug */,
				307EFD9C2788869D0020DB59 /* Release */,
			);
			defaultConfigurationIsVisible = 0;
			defaultConfigurationName = Release;
		};
/* End XCConfigurationList section */

/* Begin XCRemoteSwiftPackageReference section */
		30034845278F6E5C001C8431 /* XCRemoteSwiftPackageReference "ViewInspector" */ = {
			isa = XCRemoteSwiftPackageReference;
			repositoryURL = "https://github.com/nalexn/ViewInspector";
			requirement = {
				branch = master;
				kind = branch;
			};
		};
/* End XCRemoteSwiftPackageReference section */

/* Begin XCSwiftPackageProductDependency section */
		30034846278F6E5C001C8431 /* ViewInspector */ = {
			isa = XCSwiftPackageProductDependency;
			package = 30034845278F6E5C001C8431 /* XCRemoteSwiftPackageReference "ViewInspector" */;
			productName = ViewInspector;
		};
/* End XCSwiftPackageProductDependency section */
	};
	rootObject = 307EFD6B2788869C0020DB59 /* Project object */;
}
